// !$*UTF8*$!
{
	archiveVersion = 1;
	classes = {
	};
	objectVersion = 55;
	objects = {

/* Begin PBXBuildFile section */
		9F02E5C329430B4300F55C35 /* SocketConnection.swift in Sources */ = {isa = PBXBuildFile; fileRef = 9F02E5C229430B4200F55C35 /* SocketConnection.swift */; };
		9F47B42A2946CF7000FF69BC /* SocketEntity.swift in Sources */ = {isa = PBXBuildFile; fileRef = 9F47B4292946CF7000FF69BC /* SocketEntity.swift */; };
		9F47B42C2946DAF100FF69BC /* Extension.swift in Sources */ = {isa = PBXBuildFile; fileRef = 9F47B42B2946DAF100FF69BC /* Extension.swift */; };
		9F47B42F29470A3500FF69BC /* Alamofire in Frameworks */ = {isa = PBXBuildFile; productRef = 9F47B42E29470A3500FF69BC /* Alamofire */; };
		9F47B43229470A7400FF69BC /* ConnectApi.swift in Sources */ = {isa = PBXBuildFile; fileRef = 9F47B43129470A7400FF69BC /* ConnectApi.swift */; };
		9F47B43429470A9200FF69BC /* ApiRequest.swift in Sources */ = {isa = PBXBuildFile; fileRef = 9F47B43329470A9200FF69BC /* ApiRequest.swift */; };
		9F47B43629470FD000FF69BC /* NetworkConfig.swift in Sources */ = {isa = PBXBuildFile; fileRef = 9F47B43529470FD000FF69BC /* NetworkConfig.swift */; };
		9F62CC0127EDA4E0007AE814 /* ServerMonit0rApp.swift in Sources */ = {isa = PBXBuildFile; fileRef = 9F62CC0027EDA4E0007AE814 /* ServerMonit0rApp.swift */; };
		9F62CC0527EDA4E2007AE814 /* Assets.xcassets in Resources */ = {isa = PBXBuildFile; fileRef = 9F62CC0427EDA4E2007AE814 /* Assets.xcassets */; };
		9F62CC0827EDA4E2007AE814 /* Preview Assets.xcassets in Resources */ = {isa = PBXBuildFile; fileRef = 9F62CC0727EDA4E2007AE814 /* Preview Assets.xcassets */; };
		9F62CC1227EDA4E2007AE814 /* ServerMonit0rTests.swift in Sources */ = {isa = PBXBuildFile; fileRef = 9F62CC1127EDA4E2007AE814 /* ServerMonit0rTests.swift */; };
		9F62CC1C27EDA4E2007AE814 /* ServerMonit0rUITests.swift in Sources */ = {isa = PBXBuildFile; fileRef = 9F62CC1B27EDA4E2007AE814 /* ServerMonit0rUITests.swift */; };
		9F62CC1E27EDA4E2007AE814 /* ServerMonit0rUITestsLaunchTests.swift in Sources */ = {isa = PBXBuildFile; fileRef = 9F62CC1D27EDA4E2007AE814 /* ServerMonit0rUITestsLaunchTests.swift */; };
		9F62CC2D27EDB966007AE814 /* MainView.swift in Sources */ = {isa = PBXBuildFile; fileRef = 9F62CC2C27EDB966007AE814 /* MainView.swift */; };
		9F6F53702861512200068AC8 /* SavedUserDefaults.swift in Sources */ = {isa = PBXBuildFile; fileRef = 9F6F536F2861512200068AC8 /* SavedUserDefaults.swift */; };
		9F6F53722861512D00068AC8 /* SettingData.swift in Sources */ = {isa = PBXBuildFile; fileRef = 9F6F53712861512D00068AC8 /* SettingData.swift */; };
		9F6F53742861514A00068AC8 /* Utilities.swift in Sources */ = {isa = PBXBuildFile; fileRef = 9F6F53732861514A00068AC8 /* Utilities.swift */; };
		9F6F5377286151BF00068AC8 /* Localizable.strings in Resources */ = {isa = PBXBuildFile; fileRef = 9F6F5379286151BF00068AC8 /* Localizable.strings */; };
		9F6F537C2861AB7200068AC8 /* ViewUtilities.swift in Sources */ = {isa = PBXBuildFile; fileRef = 9F6F537B2861AB7200068AC8 /* ViewUtilities.swift */; };
		9F806B2A29497555008B0EC2 /* SystemInfoFetcher.swift in Sources */ = {isa = PBXBuildFile; fileRef = 9F806B2929497555008B0EC2 /* SystemInfoFetcher.swift */; };
		9F806B2E2949A95B008B0EC2 /* ChartsView.swift in Sources */ = {isa = PBXBuildFile; fileRef = 9F806B2D2949A95B008B0EC2 /* ChartsView.swift */; };
		9F9C57CA29480BA50099B27A /* ErrorType.swift in Sources */ = {isa = PBXBuildFile; fileRef = 9F9C57C929480BA50099B27A /* ErrorType.swift */; };
		9F9C57CC294822BC0099B27A /* SystemInfoEntity.swift in Sources */ = {isa = PBXBuildFile; fileRef = 9F9C57CB294822BC0099B27A /* SystemInfoEntity.swift */; };
		9F9C57D1294823540099B27A /* ZenDots-Regular.ttf in Resources */ = {isa = PBXBuildFile; fileRef = 9F9C57CF294823330099B27A /* ZenDots-Regular.ttf */; };
		9F9C57D3294849110099B27A /* SystemInfoView.swift in Sources */ = {isa = PBXBuildFile; fileRef = 9F9C57D2294849110099B27A /* SystemInfoView.swift */; };
		9F9C57D52948529B0099B27A /* SystemInfoViewModel.swift in Sources */ = {isa = PBXBuildFile; fileRef = 9F9C57D42948529B0099B27A /* SystemInfoViewModel.swift */; };
		9FC4D7DA27F5A80800168CC6 /* MenuView.swift in Sources */ = {isa = PBXBuildFile; fileRef = 9FC4D7D927F5A80800168CC6 /* MenuView.swift */; };
		9FCF408427F6FB8F00A68C81 /* SettingsView.swift in Sources */ = {isa = PBXBuildFile; fileRef = 9FCF408327F6FB8F00A68C81 /* SettingsView.swift */; };
		9FD3F20728587A310050C4BC /* SwiftyJSON in Frameworks */ = {isa = PBXBuildFile; productRef = 9FD3F20628587A310050C4BC /* SwiftyJSON */; };
		9FE367A02941B20200E6C60B /* CustomProgressbar.swift in Sources */ = {isa = PBXBuildFile; fileRef = 9FE3679F2941B20200E6C60B /* CustomProgressbar.swift */; };
		9FEAF3E4291A92C500BC2FF8 /* MonitorGauge.swift in Sources */ = {isa = PBXBuildFile; fileRef = 9FEAF3E3291A92C500BC2FF8 /* MonitorGauge.swift */; };
/* End PBXBuildFile section */

/* Begin PBXContainerItemProxy section */
		9F62CC0E27EDA4E2007AE814 /* PBXContainerItemProxy */ = {
			isa = PBXContainerItemProxy;
			containerPortal = 9F62CBF527EDA4E0007AE814 /* Project object */;
			proxyType = 1;
			remoteGlobalIDString = 9F62CBFC27EDA4E0007AE814;
			remoteInfo = ServerMonit0r;
		};
		9F62CC1827EDA4E2007AE814 /* PBXContainerItemProxy */ = {
			isa = PBXContainerItemProxy;
			containerPortal = 9F62CBF527EDA4E0007AE814 /* Project object */;
			proxyType = 1;
			remoteGlobalIDString = 9F62CBFC27EDA4E0007AE814;
			remoteInfo = ServerMonit0r;
		};
/* End PBXContainerItemProxy section */

/* Begin PBXFileReference section */
		9F02E5C229430B4200F55C35 /* SocketConnection.swift */ = {isa = PBXFileReference; lastKnownFileType = sourcecode.swift; path = SocketConnection.swift; sourceTree = "<group>"; };
		9F47B4292946CF7000FF69BC /* SocketEntity.swift */ = {isa = PBXFileReference; lastKnownFileType = sourcecode.swift; path = SocketEntity.swift; sourceTree = "<group>"; };
		9F47B42B2946DAF100FF69BC /* Extension.swift */ = {isa = PBXFileReference; lastKnownFileType = sourcecode.swift; path = Extension.swift; sourceTree = "<group>"; };
		9F47B43129470A7400FF69BC /* ConnectApi.swift */ = {isa = PBXFileReference; lastKnownFileType = sourcecode.swift; path = ConnectApi.swift; sourceTree = "<group>"; };
		9F47B43329470A9200FF69BC /* ApiRequest.swift */ = {isa = PBXFileReference; lastKnownFileType = sourcecode.swift; path = ApiRequest.swift; sourceTree = "<group>"; };
		9F47B43529470FD000FF69BC /* NetworkConfig.swift */ = {isa = PBXFileReference; lastKnownFileType = sourcecode.swift; path = NetworkConfig.swift; sourceTree = "<group>"; };
		9F62CBFD27EDA4E0007AE814 /* ServerMonit0r.app */ = {isa = PBXFileReference; explicitFileType = wrapper.application; includeInIndex = 0; path = ServerMonit0r.app; sourceTree = BUILT_PRODUCTS_DIR; };
		9F62CC0027EDA4E0007AE814 /* ServerMonit0rApp.swift */ = {isa = PBXFileReference; lastKnownFileType = sourcecode.swift; path = ServerMonit0rApp.swift; sourceTree = "<group>"; };
		9F62CC0427EDA4E2007AE814 /* Assets.xcassets */ = {isa = PBXFileReference; lastKnownFileType = folder.assetcatalog; path = Assets.xcassets; sourceTree = "<group>"; };
		9F62CC0727EDA4E2007AE814 /* Preview Assets.xcassets */ = {isa = PBXFileReference; lastKnownFileType = folder.assetcatalog; path = "Preview Assets.xcassets"; sourceTree = "<group>"; };
		9F62CC0D27EDA4E2007AE814 /* ServerMonit0rTests.xctest */ = {isa = PBXFileReference; explicitFileType = wrapper.cfbundle; includeInIndex = 0; path = ServerMonit0rTests.xctest; sourceTree = BUILT_PRODUCTS_DIR; };
		9F62CC1127EDA4E2007AE814 /* ServerMonit0rTests.swift */ = {isa = PBXFileReference; lastKnownFileType = sourcecode.swift; path = ServerMonit0rTests.swift; sourceTree = "<group>"; };
		9F62CC1727EDA4E2007AE814 /* ServerMonit0rUITests.xctest */ = {isa = PBXFileReference; explicitFileType = wrapper.cfbundle; includeInIndex = 0; path = ServerMonit0rUITests.xctest; sourceTree = BUILT_PRODUCTS_DIR; };
		9F62CC1B27EDA4E2007AE814 /* ServerMonit0rUITests.swift */ = {isa = PBXFileReference; lastKnownFileType = sourcecode.swift; path = ServerMonit0rUITests.swift; sourceTree = "<group>"; };
		9F62CC1D27EDA4E2007AE814 /* ServerMonit0rUITestsLaunchTests.swift */ = {isa = PBXFileReference; lastKnownFileType = sourcecode.swift; path = ServerMonit0rUITestsLaunchTests.swift; sourceTree = "<group>"; };
		9F62CC2C27EDB966007AE814 /* MainView.swift */ = {isa = PBXFileReference; lastKnownFileType = sourcecode.swift; path = MainView.swift; sourceTree = "<group>"; };
		9F6F536F2861512200068AC8 /* SavedUserDefaults.swift */ = {isa = PBXFileReference; fileEncoding = 4; lastKnownFileType = sourcecode.swift; path = SavedUserDefaults.swift; sourceTree = "<group>"; };
		9F6F53712861512D00068AC8 /* SettingData.swift */ = {isa = PBXFileReference; fileEncoding = 4; lastKnownFileType = sourcecode.swift; path = SettingData.swift; sourceTree = "<group>"; };
		9F6F53732861514A00068AC8 /* Utilities.swift */ = {isa = PBXFileReference; fileEncoding = 4; lastKnownFileType = sourcecode.swift; path = Utilities.swift; sourceTree = "<group>"; };
		9F6F5378286151BF00068AC8 /* en */ = {isa = PBXFileReference; lastKnownFileType = text.plist.strings; name = en; path = en.lproj/Localizable.strings; sourceTree = "<group>"; };
		9F6F537A286151C000068AC8 /* zh-Hant */ = {isa = PBXFileReference; lastKnownFileType = text.plist.strings; name = "zh-Hant"; path = "zh-Hant.lproj/Localizable.strings"; sourceTree = "<group>"; };
		9F6F537B2861AB7200068AC8 /* ViewUtilities.swift */ = {isa = PBXFileReference; lastKnownFileType = sourcecode.swift; path = ViewUtilities.swift; sourceTree = "<group>"; };
		9F806B2929497555008B0EC2 /* SystemInfoFetcher.swift */ = {isa = PBXFileReference; lastKnownFileType = sourcecode.swift; path = SystemInfoFetcher.swift; sourceTree = "<group>"; };
		9F806B2D2949A95B008B0EC2 /* ChartsView.swift */ = {isa = PBXFileReference; lastKnownFileType = sourcecode.swift; path = ChartsView.swift; sourceTree = "<group>"; };
		9F9C57C929480BA50099B27A /* ErrorType.swift */ = {isa = PBXFileReference; lastKnownFileType = sourcecode.swift; path = ErrorType.swift; sourceTree = "<group>"; };
		9F9C57CB294822BC0099B27A /* SystemInfoEntity.swift */ = {isa = PBXFileReference; lastKnownFileType = sourcecode.swift; path = SystemInfoEntity.swift; sourceTree = "<group>"; };
		9F9C57CF294823330099B27A /* ZenDots-Regular.ttf */ = {isa = PBXFileReference; lastKnownFileType = file; path = "ZenDots-Regular.ttf"; sourceTree = "<group>"; };
		9F9C57D0294823440099B27A /* Info.plist */ = {isa = PBXFileReference; lastKnownFileType = text.plist; path = Info.plist; sourceTree = "<group>"; };
		9F9C57D2294849110099B27A /* SystemInfoView.swift */ = {isa = PBXFileReference; lastKnownFileType = sourcecode.swift; path = SystemInfoView.swift; sourceTree = "<group>"; };
		9F9C57D42948529B0099B27A /* SystemInfoViewModel.swift */ = {isa = PBXFileReference; lastKnownFileType = sourcecode.swift; path = SystemInfoViewModel.swift; sourceTree = "<group>"; };
		9FC4D7D927F5A80800168CC6 /* MenuView.swift */ = {isa = PBXFileReference; lastKnownFileType = sourcecode.swift; path = MenuView.swift; sourceTree = "<group>"; };
		9FCF408327F6FB8F00A68C81 /* SettingsView.swift */ = {isa = PBXFileReference; lastKnownFileType = sourcecode.swift; path = SettingsView.swift; sourceTree = "<group>"; };
		9FE3679F2941B20200E6C60B /* CustomProgressbar.swift */ = {isa = PBXFileReference; lastKnownFileType = sourcecode.swift; path = CustomProgressbar.swift; sourceTree = "<group>"; };
		9FEAF3E3291A92C500BC2FF8 /* MonitorGauge.swift */ = {isa = PBXFileReference; lastKnownFileType = sourcecode.swift; path = MonitorGauge.swift; sourceTree = "<group>"; };
/* End PBXFileReference section */

/* Begin PBXFrameworksBuildPhase section */
		9F62CBFA27EDA4E0007AE814 /* Frameworks */ = {
			isa = PBXFrameworksBuildPhase;
			buildActionMask = 2147483647;
			files = (
				9FD3F20728587A310050C4BC /* SwiftyJSON in Frameworks */,
				9F47B42F29470A3500FF69BC /* Alamofire in Frameworks */,
			);
			runOnlyForDeploymentPostprocessing = 0;
		};
		9F62CC0A27EDA4E2007AE814 /* Frameworks */ = {
			isa = PBXFrameworksBuildPhase;
			buildActionMask = 2147483647;
			files = (
			);
			runOnlyForDeploymentPostprocessing = 0;
		};
		9F62CC1427EDA4E2007AE814 /* Frameworks */ = {
			isa = PBXFrameworksBuildPhase;
			buildActionMask = 2147483647;
			files = (
			);
			runOnlyForDeploymentPostprocessing = 0;
		};
/* End PBXFrameworksBuildPhase section */

/* Begin PBXGroup section */
		9F02E5C129430B2B00F55C35 /* socketConn */ = {
			isa = PBXGroup;
			children = (
				9F02E5C229430B4200F55C35 /* SocketConnection.swift */,
			);
			path = socketConn;
			sourceTree = "<group>";
		};
		9F02E5C429430BB300F55C35 /* utils */ = {
			isa = PBXGroup;
			children = (
				9F6F53732861514A00068AC8 /* Utilities.swift */,
				9F6F537B2861AB7200068AC8 /* ViewUtilities.swift */,
				9F9C57C929480BA50099B27A /* ErrorType.swift */,
				9F47B42B2946DAF100FF69BC /* Extension.swift */,
			);
			path = utils;
			sourceTree = "<group>";
		};
		9F47B4272946CCC600FF69BC /* data */ = {
			isa = PBXGroup;
			children = (
				9F47B4282946CEA500FF69BC /* entity */,
				9F6F536F2861512200068AC8 /* SavedUserDefaults.swift */,
			);
			path = data;
			sourceTree = "<group>";
		};
		9F47B4282946CEA500FF69BC /* entity */ = {
			isa = PBXGroup;
			children = (
				9F47B4292946CF7000FF69BC /* SocketEntity.swift */,
				9F9C57CB294822BC0099B27A /* SystemInfoEntity.swift */,
			);
			path = entity;
			sourceTree = "<group>";
		};
		9F47B43029470A5C00FF69BC /* api */ = {
			isa = PBXGroup;
			children = (
				9F47B43129470A7400FF69BC /* ConnectApi.swift */,
				9F47B43329470A9200FF69BC /* ApiRequest.swift */,
				9F47B43529470FD000FF69BC /* NetworkConfig.swift */,
			);
			path = api;
			sourceTree = "<group>";
		};
		9F62CBF427EDA4E0007AE814 = {
			isa = PBXGroup;
			children = (
				9F62CBFF27EDA4E0007AE814 /* ServerMonit0r */,
				9F62CC1027EDA4E2007AE814 /* ServerMonit0rTests */,
				9F62CC1A27EDA4E2007AE814 /* ServerMonit0rUITests */,
				9F62CBFE27EDA4E0007AE814 /* Products */,
			);
			sourceTree = "<group>";
		};
		9F62CBFE27EDA4E0007AE814 /* Products */ = {
			isa = PBXGroup;
			children = (
				9F62CBFD27EDA4E0007AE814 /* ServerMonit0r.app */,
				9F62CC0D27EDA4E2007AE814 /* ServerMonit0rTests.xctest */,
				9F62CC1727EDA4E2007AE814 /* ServerMonit0rUITests.xctest */,
			);
			name = Products;
			sourceTree = "<group>";
		};
		9F62CBFF27EDA4E0007AE814 /* ServerMonit0r */ = {
			isa = PBXGroup;
			children = (
				9F9C57D0294823440099B27A /* Info.plist */,
				9F9C57CD294822FD0099B27A /* resource */,
				9F62CC0027EDA4E0007AE814 /* ServerMonit0rApp.swift */,
				9F47B43029470A5C00FF69BC /* api */,
				9F47B4272946CCC600FF69BC /* data */,
				9F806B2729495E04008B0EC2 /* repo */,
				9FCF408227F6E5DF00A68C81 /* ui */,
				9F02E5C429430BB300F55C35 /* utils */,
				9F62CC0627EDA4E2007AE814 /* Preview Content */,
			);
			path = ServerMonit0r;
			sourceTree = "<group>";
		};
		9F62CC0627EDA4E2007AE814 /* Preview Content */ = {
			isa = PBXGroup;
			children = (
				9F62CC0727EDA4E2007AE814 /* Preview Assets.xcassets */,
			);
			path = "Preview Content";
			sourceTree = "<group>";
		};
		9F62CC1027EDA4E2007AE814 /* ServerMonit0rTests */ = {
			isa = PBXGroup;
			children = (
				9F62CC1127EDA4E2007AE814 /* ServerMonit0rTests.swift */,
			);
			path = ServerMonit0rTests;
			sourceTree = "<group>";
		};
		9F62CC1A27EDA4E2007AE814 /* ServerMonit0rUITests */ = {
			isa = PBXGroup;
			children = (
				9F62CC1B27EDA4E2007AE814 /* ServerMonit0rUITests.swift */,
				9F62CC1D27EDA4E2007AE814 /* ServerMonit0rUITestsLaunchTests.swift */,
			);
			path = ServerMonit0rUITests;
			sourceTree = "<group>";
		};
		9F806B2729495E04008B0EC2 /* repo */ = {
			isa = PBXGroup;
			children = (
				9F6F53712861512D00068AC8 /* SettingData.swift */,
				9F02E5C129430B2B00F55C35 /* socketConn */,
				9F806B2829497535008B0EC2 /* systemInfo */,
			);
			path = repo;
			sourceTree = "<group>";
		};
		9F806B2829497535008B0EC2 /* systemInfo */ = {
			isa = PBXGroup;
			children = (
				9F9C57D42948529B0099B27A /* SystemInfoViewModel.swift */,
				9F806B2929497555008B0EC2 /* SystemInfoFetcher.swift */,
			);
			path = systemInfo;
			sourceTree = "<group>";
		};
		9F9C57CD294822FD0099B27A /* resource */ = {
			isa = PBXGroup;
			children = (
				9F62CC0427EDA4E2007AE814 /* Assets.xcassets */,
				9F6F5379286151BF00068AC8 /* Localizable.strings */,
				9F9C57CE294823070099B27A /* font */,
			);
			path = resource;
			sourceTree = "<group>";
		};
		9F9C57CE294823070099B27A /* font */ = {
			isa = PBXGroup;
			children = (
				9F9C57CF294823330099B27A /* ZenDots-Regular.ttf */,
			);
			path = font;
			sourceTree = "<group>";
		};
		9FCF408227F6E5DF00A68C81 /* ui */ = {
			isa = PBXGroup;
			children = (
				9FC4D7D927F5A80800168CC6 /* MenuView.swift */,
				9F62CC2C27EDB966007AE814 /* MainView.swift */,
				9F9C57D2294849110099B27A /* SystemInfoView.swift */,
				9FCF408327F6FB8F00A68C81 /* SettingsView.swift */,
				9FEAF3E3291A92C500BC2FF8 /* MonitorGauge.swift */,
				9FE3679F2941B20200E6C60B /* CustomProgressbar.swift */,
				9F806B2D2949A95B008B0EC2 /* ChartsView.swift */,
			);
			path = ui;
			sourceTree = "<group>";
		};
/* End PBXGroup section */

/* Begin PBXNativeTarget section */
		9F62CBFC27EDA4E0007AE814 /* ServerMonit0r */ = {
			isa = PBXNativeTarget;
			buildConfigurationList = 9F62CC2127EDA4E2007AE814 /* Build configuration list for PBXNativeTarget "ServerMonit0r" */;
			buildPhases = (
				9F62CBF927EDA4E0007AE814 /* Sources */,
				9F62CBFA27EDA4E0007AE814 /* Frameworks */,
				9F62CBFB27EDA4E0007AE814 /* Resources */,
				9F4599E82928BDEB00FB6028 /* ShellScript */,
			);
			buildRules = (
			);
			dependencies = (
			);
			name = ServerMonit0r;
			packageProductDependencies = (
				9FD3F20628587A310050C4BC /* SwiftyJSON */,
				9F47B42E29470A3500FF69BC /* Alamofire */,
			);
			productName = ServerMonit0r;
			productReference = 9F62CBFD27EDA4E0007AE814 /* ServerMonit0r.app */;
			productType = "com.apple.product-type.application";
		};
		9F62CC0C27EDA4E2007AE814 /* ServerMonit0rTests */ = {
			isa = PBXNativeTarget;
			buildConfigurationList = 9F62CC2427EDA4E2007AE814 /* Build configuration list for PBXNativeTarget "ServerMonit0rTests" */;
			buildPhases = (
				9F62CC0927EDA4E2007AE814 /* Sources */,
				9F62CC0A27EDA4E2007AE814 /* Frameworks */,
				9F62CC0B27EDA4E2007AE814 /* Resources */,
			);
			buildRules = (
			);
			dependencies = (
				9F62CC0F27EDA4E2007AE814 /* PBXTargetDependency */,
			);
			name = ServerMonit0rTests;
			productName = ServerMonit0rTests;
			productReference = 9F62CC0D27EDA4E2007AE814 /* ServerMonit0rTests.xctest */;
			productType = "com.apple.product-type.bundle.unit-test";
		};
		9F62CC1627EDA4E2007AE814 /* ServerMonit0rUITests */ = {
			isa = PBXNativeTarget;
			buildConfigurationList = 9F62CC2727EDA4E2007AE814 /* Build configuration list for PBXNativeTarget "ServerMonit0rUITests" */;
			buildPhases = (
				9F62CC1327EDA4E2007AE814 /* Sources */,
				9F62CC1427EDA4E2007AE814 /* Frameworks */,
				9F62CC1527EDA4E2007AE814 /* Resources */,
			);
			buildRules = (
			);
			dependencies = (
				9F62CC1927EDA4E2007AE814 /* PBXTargetDependency */,
			);
			name = ServerMonit0rUITests;
			productName = ServerMonit0rUITests;
			productReference = 9F62CC1727EDA4E2007AE814 /* ServerMonit0rUITests.xctest */;
			productType = "com.apple.product-type.bundle.ui-testing";
		};
/* End PBXNativeTarget section */

/* Begin PBXProject section */
		9F62CBF527EDA4E0007AE814 /* Project object */ = {
			isa = PBXProject;
			attributes = {
				BuildIndependentTargetsInParallel = 1;
				LastSwiftUpdateCheck = 1330;
				LastUpgradeCheck = 1410;
				TargetAttributes = {
					9F62CBFC27EDA4E0007AE814 = {
						CreatedOnToolsVersion = 13.3;
					};
					9F62CC0C27EDA4E2007AE814 = {
						CreatedOnToolsVersion = 13.3;
						TestTargetID = 9F62CBFC27EDA4E0007AE814;
					};
					9F62CC1627EDA4E2007AE814 = {
						CreatedOnToolsVersion = 13.3;
						TestTargetID = 9F62CBFC27EDA4E0007AE814;
					};
				};
			};
			buildConfigurationList = 9F62CBF827EDA4E0007AE814 /* Build configuration list for PBXProject "ServerMonit0r" */;
			compatibilityVersion = "Xcode 13.0";
			developmentRegion = en;
			hasScannedForEncodings = 0;
			knownRegions = (
				en,
				Base,
				"zh-Hant",
			);
			mainGroup = 9F62CBF427EDA4E0007AE814;
			packageReferences = (
				9FD3F20528587A310050C4BC /* XCRemoteSwiftPackageReference "SwiftyJSON" */,
				9F47B42D29470A3500FF69BC /* XCRemoteSwiftPackageReference "Alamofire" */,
			);
			productRefGroup = 9F62CBFE27EDA4E0007AE814 /* Products */;
			projectDirPath = "";
			projectRoot = "";
			targets = (
				9F62CBFC27EDA4E0007AE814 /* ServerMonit0r */,
				9F62CC0C27EDA4E2007AE814 /* ServerMonit0rTests */,
				9F62CC1627EDA4E2007AE814 /* ServerMonit0rUITests */,
			);
		};
/* End PBXProject section */

/* Begin PBXResourcesBuildPhase section */
		9F62CBFB27EDA4E0007AE814 /* Resources */ = {
			isa = PBXResourcesBuildPhase;
			buildActionMask = 2147483647;
			files = (
				9F62CC0827EDA4E2007AE814 /* Preview Assets.xcassets in Resources */,
				9F9C57D1294823540099B27A /* ZenDots-Regular.ttf in Resources */,
				9F6F5377286151BF00068AC8 /* Localizable.strings in Resources */,
				9F62CC0527EDA4E2007AE814 /* Assets.xcassets in Resources */,
			);
			runOnlyForDeploymentPostprocessing = 0;
		};
		9F62CC0B27EDA4E2007AE814 /* Resources */ = {
			isa = PBXResourcesBuildPhase;
			buildActionMask = 2147483647;
			files = (
			);
			runOnlyForDeploymentPostprocessing = 0;
		};
		9F62CC1527EDA4E2007AE814 /* Resources */ = {
			isa = PBXResourcesBuildPhase;
			buildActionMask = 2147483647;
			files = (
			);
			runOnlyForDeploymentPostprocessing = 0;
		};
/* End PBXResourcesBuildPhase section */

/* Begin PBXShellScriptBuildPhase section */
		9F4599E82928BDEB00FB6028 /* ShellScript */ = {
			isa = PBXShellScriptBuildPhase;
			alwaysOutOfDate = 1;
			buildActionMask = 2147483647;
			files = (
			);
			inputFileListPaths = (
			);
			inputPaths = (
			);
			outputFileListPaths = (
			);
			outputPaths = (
			);
			runOnlyForDeploymentPostprocessing = 0;
			shellPath = /bin/sh;
			shellScript = "# Type a script or drag a script file from your workspace to insert its path.\n# swiftformat .\nif which swiftlint > /dev/null; then\n  swiftlint\nelse\n  echo \"warning: SwiftLint not installed, download from https://github.com/realm/SwiftLint\"\nfi\n";
		};
/* End PBXShellScriptBuildPhase section */

/* Begin PBXSourcesBuildPhase section */
		9F62CBF927EDA4E0007AE814 /* Sources */ = {
			isa = PBXSourcesBuildPhase;
			buildActionMask = 2147483647;
			files = (
				9F6F53722861512D00068AC8 /* SettingData.swift in Sources */,
				9F6F53702861512200068AC8 /* SavedUserDefaults.swift in Sources */,
				9F6F53742861514A00068AC8 /* Utilities.swift in Sources */,
				9F9C57CC294822BC0099B27A /* SystemInfoEntity.swift in Sources */,
				9FCF408427F6FB8F00A68C81 /* SettingsView.swift in Sources */,
				9FEAF3E4291A92C500BC2FF8 /* MonitorGauge.swift in Sources */,
				9FE367A02941B20200E6C60B /* CustomProgressbar.swift in Sources */,
				9FC4D7DA27F5A80800168CC6 /* MenuView.swift in Sources */,
				9F47B43229470A7400FF69BC /* ConnectApi.swift in Sources */,
				9F47B43429470A9200FF69BC /* ApiRequest.swift in Sources */,
				9F9C57D52948529B0099B27A /* SystemInfoViewModel.swift in Sources */,
				9F47B42A2946CF7000FF69BC /* SocketEntity.swift in Sources */,
				9F47B42C2946DAF100FF69BC /* Extension.swift in Sources */,
				9F9C57CA29480BA50099B27A /* ErrorType.swift in Sources */,
				9F6F537C2861AB7200068AC8 /* ViewUtilities.swift in Sources */,
				9F02E5C329430B4300F55C35 /* SocketConnection.swift in Sources */,
				9F62CC2D27EDB966007AE814 /* MainView.swift in Sources */,
				9F806B2A29497555008B0EC2 /* SystemInfoFetcher.swift in Sources */,
				9F9C57D3294849110099B27A /* SystemInfoView.swift in Sources */,
				9F47B43629470FD000FF69BC /* NetworkConfig.swift in Sources */,
				9F62CC0127EDA4E0007AE814 /* ServerMonit0rApp.swift in Sources */,
				9F806B2E2949A95B008B0EC2 /* ChartsView.swift in Sources */,
			);
			runOnlyForDeploymentPostprocessing = 0;
		};
		9F62CC0927EDA4E2007AE814 /* Sources */ = {
			isa = PBXSourcesBuildPhase;
			buildActionMask = 2147483647;
			files = (
				9F62CC1227EDA4E2007AE814 /* ServerMonit0rTests.swift in Sources */,
			);
			runOnlyForDeploymentPostprocessing = 0;
		};
		9F62CC1327EDA4E2007AE814 /* Sources */ = {
			isa = PBXSourcesBuildPhase;
			buildActionMask = 2147483647;
			files = (
				9F62CC1C27EDA4E2007AE814 /* ServerMonit0rUITests.swift in Sources */,
				9F62CC1E27EDA4E2007AE814 /* ServerMonit0rUITestsLaunchTests.swift in Sources */,
			);
			runOnlyForDeploymentPostprocessing = 0;
		};
/* End PBXSourcesBuildPhase section */

/* Begin PBXTargetDependency section */
		9F62CC0F27EDA4E2007AE814 /* PBXTargetDependency */ = {
			isa = PBXTargetDependency;
			target = 9F62CBFC27EDA4E0007AE814 /* ServerMonit0r */;
			targetProxy = 9F62CC0E27EDA4E2007AE814 /* PBXContainerItemProxy */;
		};
		9F62CC1927EDA4E2007AE814 /* PBXTargetDependency */ = {
			isa = PBXTargetDependency;
			target = 9F62CBFC27EDA4E0007AE814 /* ServerMonit0r */;
			targetProxy = 9F62CC1827EDA4E2007AE814 /* PBXContainerItemProxy */;
		};
/* End PBXTargetDependency section */

/* Begin PBXVariantGroup section */
		9F6F5379286151BF00068AC8 /* Localizable.strings */ = {
			isa = PBXVariantGroup;
			children = (
				9F6F5378286151BF00068AC8 /* en */,
				9F6F537A286151C000068AC8 /* zh-Hant */,
			);
			name = Localizable.strings;
			sourceTree = "<group>";
		};
/* End PBXVariantGroup section */

/* Begin XCBuildConfiguration section */
		9F62CC1F27EDA4E2007AE814 /* Debug */ = {
			isa = XCBuildConfiguration;
			buildSettings = {
				ALWAYS_SEARCH_USER_PATHS = NO;
				CLANG_ANALYZER_LOCALIZABILITY_NONLOCALIZED = YES;
				CLANG_ANALYZER_NONNULL = YES;
				CLANG_ANALYZER_NUMBER_OBJECT_CONVERSION = YES_AGGRESSIVE;
				CLANG_CXX_LANGUAGE_STANDARD = "gnu++17";
				CLANG_ENABLE_MODULES = YES;
				CLANG_ENABLE_OBJC_ARC = YES;
				CLANG_ENABLE_OBJC_WEAK = YES;
				CLANG_WARN_BLOCK_CAPTURE_AUTORELEASING = YES;
				CLANG_WARN_BOOL_CONVERSION = YES;
				CLANG_WARN_COMMA = YES;
				CLANG_WARN_CONSTANT_CONVERSION = YES;
				CLANG_WARN_DEPRECATED_OBJC_IMPLEMENTATIONS = YES;
				CLANG_WARN_DIRECT_OBJC_ISA_USAGE = YES_ERROR;
				CLANG_WARN_DOCUMENTATION_COMMENTS = YES;
				CLANG_WARN_EMPTY_BODY = YES;
				CLANG_WARN_ENUM_CONVERSION = YES;
				CLANG_WARN_INFINITE_RECURSION = YES;
				CLANG_WARN_INT_CONVERSION = YES;
				CLANG_WARN_NON_LITERAL_NULL_CONVERSION = YES;
				CLANG_WARN_OBJC_IMPLICIT_RETAIN_SELF = YES;
				CLANG_WARN_OBJC_LITERAL_CONVERSION = YES;
				CLANG_WARN_OBJC_ROOT_CLASS = YES_ERROR;
				CLANG_WARN_QUOTED_INCLUDE_IN_FRAMEWORK_HEADER = YES;
				CLANG_WARN_RANGE_LOOP_ANALYSIS = YES;
				CLANG_WARN_STRICT_PROTOTYPES = YES;
				CLANG_WARN_SUSPICIOUS_MOVE = YES;
				CLANG_WARN_UNGUARDED_AVAILABILITY = YES_AGGRESSIVE;
				CLANG_WARN_UNREACHABLE_CODE = YES;
				CLANG_WARN__DUPLICATE_METHOD_MATCH = YES;
				COPY_PHASE_STRIP = NO;
				DEBUG_INFORMATION_FORMAT = dwarf;
				ENABLE_STRICT_OBJC_MSGSEND = YES;
				ENABLE_TESTABILITY = YES;
				GCC_C_LANGUAGE_STANDARD = gnu11;
				GCC_DYNAMIC_NO_PIC = NO;
				GCC_NO_COMMON_BLOCKS = YES;
				GCC_OPTIMIZATION_LEVEL = 0;
				GCC_PREPROCESSOR_DEFINITIONS = (
					"DEBUG=1",
					"$(inherited)",
				);
				GCC_WARN_64_TO_32_BIT_CONVERSION = YES;
				GCC_WARN_ABOUT_RETURN_TYPE = YES_ERROR;
				GCC_WARN_UNDECLARED_SELECTOR = YES;
				GCC_WARN_UNINITIALIZED_AUTOS = YES_AGGRESSIVE;
				GCC_WARN_UNUSED_FUNCTION = YES;
				GCC_WARN_UNUSED_VARIABLE = YES;
				IPHONEOS_DEPLOYMENT_TARGET = 15.4;
				MTL_ENABLE_DEBUG_INFO = INCLUDE_SOURCE;
				MTL_FAST_MATH = YES;
				ONLY_ACTIVE_ARCH = YES;
				SDKROOT = iphoneos;
				SWIFT_ACTIVE_COMPILATION_CONDITIONS = DEBUG;
				SWIFT_OPTIMIZATION_LEVEL = "-Onone";
			};
			name = Debug;
		};
		9F62CC2027EDA4E2007AE814 /* Release */ = {
			isa = XCBuildConfiguration;
			buildSettings = {
				ALWAYS_SEARCH_USER_PATHS = NO;
				CLANG_ANALYZER_LOCALIZABILITY_NONLOCALIZED = YES;
				CLANG_ANALYZER_NONNULL = YES;
				CLANG_ANALYZER_NUMBER_OBJECT_CONVERSION = YES_AGGRESSIVE;
				CLANG_CXX_LANGUAGE_STANDARD = "gnu++17";
				CLANG_ENABLE_MODULES = YES;
				CLANG_ENABLE_OBJC_ARC = YES;
				CLANG_ENABLE_OBJC_WEAK = YES;
				CLANG_WARN_BLOCK_CAPTURE_AUTORELEASING = YES;
				CLANG_WARN_BOOL_CONVERSION = YES;
				CLANG_WARN_COMMA = YES;
				CLANG_WARN_CONSTANT_CONVERSION = YES;
				CLANG_WARN_DEPRECATED_OBJC_IMPLEMENTATIONS = YES;
				CLANG_WARN_DIRECT_OBJC_ISA_USAGE = YES_ERROR;
				CLANG_WARN_DOCUMENTATION_COMMENTS = YES;
				CLANG_WARN_EMPTY_BODY = YES;
				CLANG_WARN_ENUM_CONVERSION = YES;
				CLANG_WARN_INFINITE_RECURSION = YES;
				CLANG_WARN_INT_CONVERSION = YES;
				CLANG_WARN_NON_LITERAL_NULL_CONVERSION = YES;
				CLANG_WARN_OBJC_IMPLICIT_RETAIN_SELF = YES;
				CLANG_WARN_OBJC_LITERAL_CONVERSION = YES;
				CLANG_WARN_OBJC_ROOT_CLASS = YES_ERROR;
				CLANG_WARN_QUOTED_INCLUDE_IN_FRAMEWORK_HEADER = YES;
				CLANG_WARN_RANGE_LOOP_ANALYSIS = YES;
				CLANG_WARN_STRICT_PROTOTYPES = YES;
				CLANG_WARN_SUSPICIOUS_MOVE = YES;
				CLANG_WARN_UNGUARDED_AVAILABILITY = YES_AGGRESSIVE;
				CLANG_WARN_UNREACHABLE_CODE = YES;
				CLANG_WARN__DUPLICATE_METHOD_MATCH = YES;
				COPY_PHASE_STRIP = NO;
				DEBUG_INFORMATION_FORMAT = "dwarf-with-dsym";
				ENABLE_NS_ASSERTIONS = NO;
				ENABLE_STRICT_OBJC_MSGSEND = YES;
				GCC_C_LANGUAGE_STANDARD = gnu11;
				GCC_NO_COMMON_BLOCKS = YES;
				GCC_WARN_64_TO_32_BIT_CONVERSION = YES;
				GCC_WARN_ABOUT_RETURN_TYPE = YES_ERROR;
				GCC_WARN_UNDECLARED_SELECTOR = YES;
				GCC_WARN_UNINITIALIZED_AUTOS = YES_AGGRESSIVE;
				GCC_WARN_UNUSED_FUNCTION = YES;
				GCC_WARN_UNUSED_VARIABLE = YES;
				IPHONEOS_DEPLOYMENT_TARGET = 15.4;
				MTL_ENABLE_DEBUG_INFO = NO;
				MTL_FAST_MATH = YES;
				SDKROOT = iphoneos;
				SWIFT_COMPILATION_MODE = wholemodule;
				SWIFT_OPTIMIZATION_LEVEL = "-O";
				VALIDATE_PRODUCT = YES;
			};
			name = Release;
		};
		9F62CC2227EDA4E2007AE814 /* Debug */ = {
			isa = XCBuildConfiguration;
			buildSettings = {
				ASSETCATALOG_COMPILER_APPICON_NAME = AppIcon;
				ASSETCATALOG_COMPILER_GLOBAL_ACCENT_COLOR_NAME = AccentColor;
				CODE_SIGN_STYLE = Automatic;
				CURRENT_PROJECT_VERSION = 1;
				DEVELOPMENT_ASSET_PATHS = "\"ServerMonit0r/Preview Content\"";
				DEVELOPMENT_TEAM = CUT53EQ8B5;
				ENABLE_PREVIEWS = YES;
				GENERATE_INFOPLIST_FILE = YES;
				INFOPLIST_FILE = ServerMonit0r/Info.plist;
				INFOPLIST_KEY_UIApplicationSceneManifest_Generation = YES;
				INFOPLIST_KEY_UIApplicationSupportsIndirectInputEvents = YES;
				INFOPLIST_KEY_UILaunchScreen_Generation = YES;
				INFOPLIST_KEY_UISupportedInterfaceOrientations = "UIInterfaceOrientationLandscapeLeft UIInterfaceOrientationLandscapeRight UIInterfaceOrientationPortrait UIInterfaceOrientationPortraitUpsideDown";
				IPHONEOS_DEPLOYMENT_TARGET = 16.0;
				LD_RUNPATH_SEARCH_PATHS = (
					"$(inherited)",
					"@executable_path/Frameworks",
				);
				MARKETING_VERSION = 1.0;
				PRODUCT_BUNDLE_IDENTIFIER = allen870619.ServerMonit0r;
				PRODUCT_NAME = "$(TARGET_NAME)";
				SWIFT_EMIT_LOC_STRINGS = YES;
				SWIFT_VERSION = 5.0;
				TARGETED_DEVICE_FAMILY = "1,2";
			};
			name = Debug;
		};
		9F62CC2327EDA4E2007AE814 /* Release */ = {
			isa = XCBuildConfiguration;
			buildSettings = {
				ASSETCATALOG_COMPILER_APPICON_NAME = AppIcon;
				ASSETCATALOG_COMPILER_GLOBAL_ACCENT_COLOR_NAME = AccentColor;
				CODE_SIGN_STYLE = Automatic;
				CURRENT_PROJECT_VERSION = 1;
				DEVELOPMENT_ASSET_PATHS = "\"ServerMonit0r/Preview Content\"";
				DEVELOPMENT_TEAM = CUT53EQ8B5;
				ENABLE_PREVIEWS = YES;
				GENERATE_INFOPLIST_FILE = YES;
				INFOPLIST_FILE = ServerMonit0r/Info.plist;
				INFOPLIST_KEY_UIApplicationSceneManifest_Generation = YES;
				INFOPLIST_KEY_UIApplicationSupportsIndirectInputEvents = YES;
				INFOPLIST_KEY_UILaunchScreen_Generation = YES;
				INFOPLIST_KEY_UISupportedInterfaceOrientations = "UIInterfaceOrientationLandscapeLeft UIInterfaceOrientationLandscapeRight UIInterfaceOrientationPortrait UIInterfaceOrientationPortraitUpsideDown";
				IPHONEOS_DEPLOYMENT_TARGET = 16.0;
				LD_RUNPATH_SEARCH_PATHS = (
					"$(inherited)",
					"@executable_path/Frameworks",
				);
				MARKETING_VERSION = 1.0;
				PRODUCT_BUNDLE_IDENTIFIER = allen870619.ServerMonit0r;
				PRODUCT_NAME = "$(TARGET_NAME)";
				SWIFT_EMIT_LOC_STRINGS = YES;
				SWIFT_VERSION = 5.0;
				TARGETED_DEVICE_FAMILY = "1,2";
			};
			name = Release;
		};
		9F62CC2527EDA4E2007AE814 /* Debug */ = {
			isa = XCBuildConfiguration;
			buildSettings = {
				ALWAYS_EMBED_SWIFT_STANDARD_LIBRARIES = YES;
				BUNDLE_LOADER = "$(TEST_HOST)";
				CODE_SIGN_STYLE = Automatic;
				CURRENT_PROJECT_VERSION = 1;
				DEVELOPMENT_TEAM = CUT53EQ8B5;
				GENERATE_INFOPLIST_FILE = YES;
				IPHONEOS_DEPLOYMENT_TARGET = 15.4;
				MARKETING_VERSION = 1.0;
				PRODUCT_BUNDLE_IDENTIFIER = allen870619.ServerMonit0rTests;
				PRODUCT_NAME = "$(TARGET_NAME)";
				SWIFT_EMIT_LOC_STRINGS = NO;
				SWIFT_VERSION = 5.0;
				TARGETED_DEVICE_FAMILY = "1,2";
				TEST_HOST = "$(BUILT_PRODUCTS_DIR)/ServerMonit0r.app/ServerMonit0r";
			};
			name = Debug;
		};
		9F62CC2627EDA4E2007AE814 /* Release */ = {
			isa = XCBuildConfiguration;
			buildSettings = {
				ALWAYS_EMBED_SWIFT_STANDARD_LIBRARIES = YES;
				BUNDLE_LOADER = "$(TEST_HOST)";
				CODE_SIGN_STYLE = Automatic;
				CURRENT_PROJECT_VERSION = 1;
				DEVELOPMENT_TEAM = CUT53EQ8B5;
				GENERATE_INFOPLIST_FILE = YES;
				IPHONEOS_DEPLOYMENT_TARGET = 15.4;
				MARKETING_VERSION = 1.0;
				PRODUCT_BUNDLE_IDENTIFIER = allen870619.ServerMonit0rTests;
				PRODUCT_NAME = "$(TARGET_NAME)";
				SWIFT_EMIT_LOC_STRINGS = NO;
				SWIFT_VERSION = 5.0;
				TARGETED_DEVICE_FAMILY = "1,2";
				TEST_HOST = "$(BUILT_PRODUCTS_DIR)/ServerMonit0r.app/ServerMonit0r";
			};
			name = Release;
		};
		9F62CC2827EDA4E2007AE814 /* Debug */ = {
			isa = XCBuildConfiguration;
			buildSettings = {
				ALWAYS_EMBED_SWIFT_STANDARD_LIBRARIES = YES;
				CODE_SIGN_STYLE = Automatic;
				CURRENT_PROJECT_VERSION = 1;
				DEVELOPMENT_TEAM = CUT53EQ8B5;
				GENERATE_INFOPLIST_FILE = YES;
				MARKETING_VERSION = 1.0;
				PRODUCT_BUNDLE_IDENTIFIER = allen870619.ServerMonit0rUITests;
				PRODUCT_NAME = "$(TARGET_NAME)";
				SWIFT_EMIT_LOC_STRINGS = NO;
				SWIFT_VERSION = 5.0;
				TARGETED_DEVICE_FAMILY = "1,2";
				TEST_TARGET_NAME = ServerMonit0r;
			};
			name = Debug;
		};
		9F62CC2927EDA4E2007AE814 /* Release */ = {
			isa = XCBuildConfiguration;
			buildSettings = {
				ALWAYS_EMBED_SWIFT_STANDARD_LIBRARIES = YES;
				CODE_SIGN_STYLE = Automatic;
				CURRENT_PROJECT_VERSION = 1;
				DEVELOPMENT_TEAM = CUT53EQ8B5;
				GENERATE_INFOPLIST_FILE = YES;
				MARKETING_VERSION = 1.0;
				PRODUCT_BUNDLE_IDENTIFIER = allen870619.ServerMonit0rUITests;
				PRODUCT_NAME = "$(TARGET_NAME)";
				SWIFT_EMIT_LOC_STRINGS = NO;
				SWIFT_VERSION = 5.0;
				TARGETED_DEVICE_FAMILY = "1,2";
				TEST_TARGET_NAME = ServerMonit0r;
			};
			name = Release;
		};
/* End XCBuildConfiguration section */

/* Begin XCConfigurationList section */
		9F62CBF827EDA4E0007AE814 /* Build configuration list for PBXProject "ServerMonit0r" */ = {
			isa = XCConfigurationList;
			buildConfigurations = (
				9F62CC1F27EDA4E2007AE814 /* Debug */,
				9F62CC2027EDA4E2007AE814 /* Release */,
			);
			defaultConfigurationIsVisible = 0;
			defaultConfigurationName = Release;
		};
		9F62CC2127EDA4E2007AE814 /* Build configuration list for PBXNativeTarget "ServerMonit0r" */ = {
			isa = XCConfigurationList;
			buildConfigurations = (
				9F62CC2227EDA4E2007AE814 /* Debug */,
				9F62CC2327EDA4E2007AE814 /* Release */,
			);
			defaultConfigurationIsVisible = 0;
			defaultConfigurationName = Release;
		};
		9F62CC2427EDA4E2007AE814 /* Build configuration list for PBXNativeTarget "ServerMonit0rTests" */ = {
			isa = XCConfigurationList;
			buildConfigurations = (
				9F62CC2527EDA4E2007AE814 /* Debug */,
				9F62CC2627EDA4E2007AE814 /* Release */,
			);
			defaultConfigurationIsVisible = 0;
			defaultConfigurationName = Release;
		};
		9F62CC2727EDA4E2007AE814 /* Build configuration list for PBXNativeTarget "ServerMonit0rUITests" */ = {
			isa = XCConfigurationList;
			buildConfigurations = (
				9F62CC2827EDA4E2007AE814 /* Debug */,
				9F62CC2927EDA4E2007AE814 /* Release */,
			);
			defaultConfigurationIsVisible = 0;
			defaultConfigurationName = Release;
		};
/* End XCConfigurationList section */

/* Begin XCRemoteSwiftPackageReference section */
		9F47B42D29470A3500FF69BC /* XCRemoteSwiftPackageReference "Alamofire" */ = {
			isa = XCRemoteSwiftPackageReference;
			repositoryURL = "https://github.com/Alamofire/Alamofire.git";
			requirement = {
				branch = master;
				kind = branch;
			};
		};
		9FD3F20528587A310050C4BC /* XCRemoteSwiftPackageReference "SwiftyJSON" */ = {
			isa = XCRemoteSwiftPackageReference;
			repositoryURL = "https://github.com/SwiftyJSON/SwiftyJSON.git";
			requirement = {
				kind = upToNextMajorVersion;
				minimumVersion = 5.0.0;
			};
		};
/* End XCRemoteSwiftPackageReference section */

/* Begin XCSwiftPackageProductDependency section */
		9F47B42E29470A3500FF69BC /* Alamofire */ = {
			isa = XCSwiftPackageProductDependency;
			package = 9F47B42D29470A3500FF69BC /* XCRemoteSwiftPackageReference "Alamofire" */;
			productName = Alamofire;
		};
		9FD3F20628587A310050C4BC /* SwiftyJSON */ = {
			isa = XCSwiftPackageProductDependency;
			package = 9FD3F20528587A310050C4BC /* XCRemoteSwiftPackageReference "SwiftyJSON" */;
			productName = SwiftyJSON;
		};
/* End XCSwiftPackageProductDependency section */
	};
	rootObject = 9F62CBF527EDA4E0007AE814 /* Project object */;
}
